
Microsoft Visual Studio Solution File, Format Version 12.00
# Visual Studio Version 16
VisualStudioVersion = 16.0.30330.147
MinimumVisualStudioVersion = 15.0.26124.0
Project("{9A19103F-16F7-4668-BE54-9A1E7A4F7556}") = "Autograph", "Autograph\Autograph.csproj", "{97277350-2069-4863-B0DE-07E929629958}"
EndProject
Project("{2150E333-8FDC-42A3-9474-1A3956D46DE8}") = "Solution Items", "Solution Items", "{9C3DA7B2-0055-453E-BFF7-F4D24B438433}"
	ProjectSection(SolutionItems) = preProject
		.editorconfig = .editorconfig
		..\build.cake = ..\build.cake
		Directory.Build.props = Directory.Build.props
		Directory.Build.targets = Directory.Build.targets
	EndProjectSection
EndProject
Project("{2150E333-8FDC-42A3-9474-1A3956D46DE8}") = "Meta", "Meta", "{664ABC1C-8409-48A2-8873-4CD0E9F8EB03}"
	ProjectSection(SolutionItems) = preProject
		..\CODE_OF_CONDUCT.md = ..\CODE_OF_CONDUCT.md
		..\LICENSE.md = ..\LICENSE.md
		..\README.md = ..\README.md
	EndProjectSection
EndProject
Global
	GlobalSection(SolutionConfigurationPlatforms) = preSolution
		Debug|Any CPU = Debug|Any CPU
		Debug|x64 = Debug|x64
		Debug|x86 = Debug|x86
		Release|Any CPU = Release|Any CPU
		Release|x64 = Release|x64
		Release|x86 = Release|x86
	EndGlobalSection
	GlobalSection(ProjectConfigurationPlatforms) = postSolution
		{97277350-2069-4863-B0DE-07E929629958}.Debug|Any CPU.ActiveCfg = Debug|Any CPU
		{97277350-2069-4863-B0DE-07E929629958}.Debug|Any CPU.Build.0 = Debug|Any CPU
		{97277350-2069-4863-B0DE-07E929629958}.Debug|x64.ActiveCfg = Debug|Any CPU
		{97277350-2069-4863-B0DE-07E929629958}.Debug|x64.Build.0 = Debug|Any CPU
		{97277350-2069-4863-B0DE-07E929629958}.Debug|x86.ActiveCfg = Debug|Any CPU
		{97277350-2069-4863-B0DE-07E929629958}.Debug|x86.Build.0 = Debug|Any CPU
		{97277350-2069-4863-B0DE-07E929629958}.Release|Any CPU.ActiveCfg = Release|Any CPU
		{97277350-2069-4863-B0DE-07E929629958}.Release|Any CPU.Build.0 = Release|Any CPU
		{97277350-2069-4863-B0DE-07E929629958}.Release|x64.ActiveCfg = Release|Any CPU
		{97277350-2069-4863-B0DE-07E929629958}.Release|x64.Build.0 = Release|Any CPU
		{97277350-2069-4863-B0DE-07E929629958}.Release|x86.ActiveCfg = Release|Any CPU
		{97277350-2069-4863-B0DE-07E929629958}.Release|x86.Build.0 = Release|Any CPU
	EndGlobalSection
	GlobalSection(SolutionProperties) = preSolution
		HideSolutionNode = FALSE
	EndGlobalSection
	GlobalSection(NestedProjects) = preSolution
		{664ABC1C-8409-48A2-8873-4CD0E9F8EB03} = {9C3DA7B2-0055-453E-BFF7-F4D24B438433}
	EndGlobalSection
	GlobalSection(ExtensibilityGlobals) = postSolution
		SolutionGuid = {91DC3E44-F01D-459A-A956-418FE23E6723}
	EndGlobalSection
EndGlobal
